
Microsoft Visual Studio Solution File, Format Version 12.00
# Visual Studio Version 17
VisualStudioVersion = 17.0.31912.275
MinimumVisualStudioVersion = 10.0.40219.1
Project("{8BC9CEB8-8B4A-11D0-8D11-00A0C91BC942}") = "STL_library", "STL_library.vcxproj", "{7BB61E5C-3482-471B-B58C-254BA7743855}"
EndProject
Global
	GlobalSection(SolutionConfigurationPlatforms) = preSolution
		Debug|x64 = Debug|x64
		Debug|x86 = Debug|x86
		Release|x64 = Release|x64
		Release|x86 = Release|x86
	EndGlobalSection
	GlobalSection(ProjectConfigurationPlatforms) = postSolution
		{7BB61E5C-3482-471B-B58C-254BA7743855}.Debug|x64.ActiveCfg = Debug|x64
		{7BB61E5C-3482-471B-B58C-254BA7743855}.Debug|x64.Build.0 = Debug|x64
		{7BB61E5C-3482-471B-B58C-254BA7743855}.Debug|x86.ActiveCfg = Debug|Win32
		{7BB61E5C-3482-471B-B58C-254BA7743855}.Debug|x86.Build.0 = Debug|Win32
		{7BB61E5C-3482-471B-B58C-254BA7743855}.Release|x64.ActiveCfg = Release|x64
		{7BB61E5C-3482-471B-B58C-254BA7743855}.Release|x64.Build.0 = Release|x64
		{7BB61E5C-3482-471B-B58C-254BA7743855}.Release|x86.ActiveCfg = Release|Win32
		{7BB61E5C-3482-471B-B58C-254BA7743855}.Release|x86.Build.0 = Release|Win32
	EndGlobalSection
	GlobalSection(SolutionProperties) = preSolution
		HideSolutionNode = FALSE
	EndGlobalSection
	GlobalSection(ExtensibilityGlobals) = postSolution
		SolutionGuid = {B5E3D092-AD29-4154-AFE4-0FC27C8BFE0F}
	EndGlobalSection
EndGlobal
